
Microsoft Visual Studio Solution File, Format Version 12.00
# Visual Studio Version 16
VisualStudioVersion = 16.0.31424.327
MinimumVisualStudioVersion = 10.0.40219.1
Project("{FAE04EC0-301F-11D3-BF4B-00C04F79EFBC}") = "Totient", "Totient\Totient.csproj", "{847F7098-68AA-4CA7-BF9D-02A221CB5F3A}"
EndProject
Global
	GlobalSection(SolutionConfigurationPlatforms) = preSolution
		Debug|Any CPU = Debug|Any CPU
		Release|Any CPU = Release|Any CPU
	EndGlobalSection
	GlobalSection(ProjectConfigurationPlatforms) = postSolution
		{847F7098-68AA-4CA7-BF9D-02A221CB5F3A}.Debug|Any CPU.ActiveCfg = Debug|Any CPU
		{847F7098-68AA-4CA7-BF9D-02A221CB5F3A}.Debug|Any CPU.Build.0 = Debug|Any CPU
		{847F7098-68AA-4CA7-BF9D-02A221CB5F3A}.Release|Any CPU.ActiveCfg = Release|Any CPU
		{847F7098-68AA-4CA7-BF9D-02A221CB5F3A}.Release|Any CPU.Build.0 = Release|Any CPU
	EndGlobalSection
	GlobalSection(SolutionProperties) = preSolution
		HideSolutionNode = FALSE
	EndGlobalSection
	GlobalSection(ExtensibilityGlobals) = postSolution
		SolutionGuid = {5165C390-BBEC-43D4-8550-CF690968097A}
	EndGlobalSection
EndGlobal
